
Microsoft Visual Studio Solution File, Format Version 12.00
# Visual Studio Version 17
VisualStudioVersion = 17.2.32630.192
MinimumVisualStudioVersion = 10.0.40219.1
Project("{FAE04EC0-301F-11D3-BF4B-00C04F79EFBC}") = "MicrocontrollersInfo", "MicrocontrollersInfo\MicrocontrollersInfo.csproj", "{4B0113E1-4C90-4F06-9787-027D3032448A}"
EndProject
Project("{FAE04EC0-301F-11D3-BF4B-00C04F79EFBC}") = "MicrocontrollersInfo.Web", "MicrocontrollersInfo.Web\MicrocontrollersInfo.Web.csproj", "{9D4E61AE-02E9-494E-8F27-080C48FCC476}"
EndProject
Project("{2150E333-8FDC-42A3-9474-1A3956D46DE8}") = "Applications", "Applications", "{F0371D9A-B6C6-4B26-A535-101162F7CB96}"
EndProject
Project("{2150E333-8FDC-42A3-9474-1A3956D46DE8}") = "Common.Libraries", "Common.Libraries", "{1AE781DB-4F4B-441D-A04A-C05AAD90E66F}"
EndProject
Project("{2150E333-8FDC-42A3-9474-1A3956D46DE8}") = "Editors", "Editors", "{1002EB4C-3280-4F7D-AA1F-493B2E673073}"
EndProject
Project("{2150E333-8FDC-42A3-9474-1A3956D46DE8}") = "Libraries", "Libraries", "{7C526A25-B64F-4C8B-AA6E-9D63845A3285}"
EndProject
Project("{FAE04EC0-301F-11D3-BF4B-00C04F79EFBC}") = "Common", "Commonn\Common.csproj", "{F8BA0FEC-0E64-4BC1-A241-B47D7390C894}"
EndProject
Project("{FAE04EC0-301F-11D3-BF4B-00C04F79EFBC}") = "Common.Context", "Common.Context\Common.Context.csproj", "{E383DCB0-EC09-43D6-A77E-1AC920013921}"
EndProject
Project("{FAE04EC0-301F-11D3-BF4B-00C04F79EFBC}") = "Common.Entities", "Common.Entities\Common.Entities.csproj", "{D19013E8-A278-4E33-A517-68545D82D5AC}"
EndProject
Project("{FAE04EC0-301F-11D3-BF4B-00C04F79EFBC}") = "Common.IO", "Common.IO\Common.IO.csproj", "{F569E0A9-D0E8-4E23-8010-0DA1AA1C2E23}"
EndProject
Project("{FAE04EC0-301F-11D3-BF4B-00C04F79EFBC}") = "Common.Repositories", "Common.Repositories\Common.Repositories.csproj", "{4427225E-BF8E-4266-B3BF-55620B356252}"
EndProject
Project("{FAE04EC0-301F-11D3-BF4B-00C04F79EFBC}") = "MicrocontrollersInfo.Editor", "MicrocontrollersInfo.Editor\MicrocontrollersInfo.Editor.csproj", "{CADF31CE-10BD-49BD-AE54-2BFB6CD5C7F3}"
EndProject
Project("{FAE04EC0-301F-11D3-BF4B-00C04F79EFBC}") = "MicrocontrollersInfo.Entity", "MicrocontrollersInfo.Entity\MicrocontrollersInfo.Entity.csproj", "{DBB6A798-C93C-4995-937B-B54E3C8A7848}"
EndProject
Project("{FAE04EC0-301F-11D3-BF4B-00C04F79EFBC}") = "MicrocontrollersInfo.Repositories", "MicrocontrollersInfo.Repositories\MicrocontrollersInfo.Repositories.csproj", "{D6DC3DC6-1932-4B5A-8564-B81937FB0581}"
EndProject
Project("{FAE04EC0-301F-11D3-BF4B-00C04F79EFBC}") = "RangeOut", "RangeOut\RangeOut.csproj", "{A1438493-4FA1-4A79-A490-1FB1D851FEAA}"
EndProject
Project("{2150E333-8FDC-42A3-9474-1A3956D46DE8}") = "Tests", "Tests", "{E33C2341-B5F4-4CFC-B056-D9C33E11A696}"
EndProject
Project("{FAE04EC0-301F-11D3-BF4B-00C04F79EFBC}") = "MicrocontrollersInfo.Web.Tests", "MicrocontrollersInfo.Web.Tests\MicrocontrollersInfo.Web.Tests.csproj", "{A46B23ED-326B-41CF-BBC7-5CBC5178EAE8}"
EndProject
Global
	GlobalSection(SolutionConfigurationPlatforms) = preSolution
		Debug|Any CPU = Debug|Any CPU
		Release|Any CPU = Release|Any CPU
	EndGlobalSection
	GlobalSection(ProjectConfigurationPlatforms) = postSolution
		{4B0113E1-4C90-4F06-9787-027D3032448A}.Debug|Any CPU.ActiveCfg = Debug|Any CPU
		{4B0113E1-4C90-4F06-9787-027D3032448A}.Debug|Any CPU.Build.0 = Debug|Any CPU
		{4B0113E1-4C90-4F06-9787-027D3032448A}.Release|Any CPU.ActiveCfg = Release|Any CPU
		{4B0113E1-4C90-4F06-9787-027D3032448A}.Release|Any CPU.Build.0 = Release|Any CPU
		{9D4E61AE-02E9-494E-8F27-080C48FCC476}.Debug|Any CPU.ActiveCfg = Debug|Any CPU
		{9D4E61AE-02E9-494E-8F27-080C48FCC476}.Debug|Any CPU.Build.0 = Debug|Any CPU
		{9D4E61AE-02E9-494E-8F27-080C48FCC476}.Release|Any CPU.ActiveCfg = Release|Any CPU
		{9D4E61AE-02E9-494E-8F27-080C48FCC476}.Release|Any CPU.Build.0 = Release|Any CPU
		{F8BA0FEC-0E64-4BC1-A241-B47D7390C894}.Debug|Any CPU.ActiveCfg = Debug|Any CPU
		{F8BA0FEC-0E64-4BC1-A241-B47D7390C894}.Debug|Any CPU.Build.0 = Debug|Any CPU
		{F8BA0FEC-0E64-4BC1-A241-B47D7390C894}.Release|Any CPU.ActiveCfg = Release|Any CPU
		{F8BA0FEC-0E64-4BC1-A241-B47D7390C894}.Release|Any CPU.Build.0 = Release|Any CPU
		{E383DCB0-EC09-43D6-A77E-1AC920013921}.Debug|Any CPU.ActiveCfg = Debug|Any CPU
		{E383DCB0-EC09-43D6-A77E-1AC920013921}.Debug|Any CPU.Build.0 = Debug|Any CPU
		{E383DCB0-EC09-43D6-A77E-1AC920013921}.Release|Any CPU.ActiveCfg = Release|Any CPU
		{E383DCB0-EC09-43D6-A77E-1AC920013921}.Release|Any CPU.Build.0 = Release|Any CPU
		{D19013E8-A278-4E33-A517-68545D82D5AC}.Debug|Any CPU.ActiveCfg = Debug|Any CPU
		{D19013E8-A278-4E33-A517-68545D82D5AC}.Debug|Any CPU.Build.0 = Debug|Any CPU
		{D19013E8-A278-4E33-A517-68545D82D5AC}.Release|Any CPU.ActiveCfg = Release|Any CPU
		{D19013E8-A278-4E33-A517-68545D82D5AC}.Release|Any CPU.Build.0 = Release|Any CPU
		{F569E0A9-D0E8-4E23-8010-0DA1AA1C2E23}.Debug|Any CPU.ActiveCfg = Debug|Any CPU
		{F569E0A9-D0E8-4E23-8010-0DA1AA1C2E23}.Debug|Any CPU.Build.0 = Debug|Any CPU
		{F569E0A9-D0E8-4E23-8010-0DA1AA1C2E23}.Release|Any CPU.ActiveCfg = Release|Any CPU
		{F569E0A9-D0E8-4E23-8010-0DA1AA1C2E23}.Release|Any CPU.Build.0 = Release|Any CPU
		{4427225E-BF8E-4266-B3BF-55620B356252}.Debug|Any CPU.ActiveCfg = Debug|Any CPU
		{4427225E-BF8E-4266-B3BF-55620B356252}.Debug|Any CPU.Build.0 = Debug|Any CPU
		{4427225E-BF8E-4266-B3BF-55620B356252}.Release|Any CPU.ActiveCfg = Release|Any CPU
		{4427225E-BF8E-4266-B3BF-55620B356252}.Release|Any CPU.Build.0 = Release|Any CPU
		{CADF31CE-10BD-49BD-AE54-2BFB6CD5C7F3}.Debug|Any CPU.ActiveCfg = Debug|Any CPU
		{CADF31CE-10BD-49BD-AE54-2BFB6CD5C7F3}.Debug|Any CPU.Build.0 = Debug|Any CPU
		{CADF31CE-10BD-49BD-AE54-2BFB6CD5C7F3}.Release|Any CPU.ActiveCfg = Release|Any CPU
		{CADF31CE-10BD-49BD-AE54-2BFB6CD5C7F3}.Release|Any CPU.Build.0 = Release|Any CPU
		{DBB6A798-C93C-4995-937B-B54E3C8A7848}.Debug|Any CPU.ActiveCfg = Debug|Any CPU
		{DBB6A798-C93C-4995-937B-B54E3C8A7848}.Debug|Any CPU.Build.0 = Debug|Any CPU
		{DBB6A798-C93C-4995-937B-B54E3C8A7848}.Release|Any CPU.ActiveCfg = Release|Any CPU
		{DBB6A798-C93C-4995-937B-B54E3C8A7848}.Release|Any CPU.Build.0 = Release|Any CPU
		{D6DC3DC6-1932-4B5A-8564-B81937FB0581}.Debug|Any CPU.ActiveCfg = Debug|Any CPU
		{D6DC3DC6-1932-4B5A-8564-B81937FB0581}.Debug|Any CPU.Build.0 = Debug|Any CPU
		{D6DC3DC6-1932-4B5A-8564-B81937FB0581}.Release|Any CPU.ActiveCfg = Release|Any CPU
		{D6DC3DC6-1932-4B5A-8564-B81937FB0581}.Release|Any CPU.Build.0 = Release|Any CPU
		{A1438493-4FA1-4A79-A490-1FB1D851FEAA}.Debug|Any CPU.ActiveCfg = Debug|Any CPU
		{A1438493-4FA1-4A79-A490-1FB1D851FEAA}.Debug|Any CPU.Build.0 = Debug|Any CPU
		{A1438493-4FA1-4A79-A490-1FB1D851FEAA}.Release|Any CPU.ActiveCfg = Release|Any CPU
		{A1438493-4FA1-4A79-A490-1FB1D851FEAA}.Release|Any CPU.Build.0 = Release|Any CPU
		{A46B23ED-326B-41CF-BBC7-5CBC5178EAE8}.Debug|Any CPU.ActiveCfg = Debug|Any CPU
		{A46B23ED-326B-41CF-BBC7-5CBC5178EAE8}.Debug|Any CPU.Build.0 = Debug|Any CPU
		{A46B23ED-326B-41CF-BBC7-5CBC5178EAE8}.Release|Any CPU.ActiveCfg = Release|Any CPU
		{A46B23ED-326B-41CF-BBC7-5CBC5178EAE8}.Release|Any CPU.Build.0 = Release|Any CPU
	EndGlobalSection
	GlobalSection(SolutionProperties) = preSolution
		HideSolutionNode = FALSE
	EndGlobalSection
	GlobalSection(NestedProjects) = preSolution
		{4B0113E1-4C90-4F06-9787-027D3032448A} = {F0371D9A-B6C6-4B26-A535-101162F7CB96}
		{9D4E61AE-02E9-494E-8F27-080C48FCC476} = {F0371D9A-B6C6-4B26-A535-101162F7CB96}
		{F8BA0FEC-0E64-4BC1-A241-B47D7390C894} = {1AE781DB-4F4B-441D-A04A-C05AAD90E66F}
		{E383DCB0-EC09-43D6-A77E-1AC920013921} = {1AE781DB-4F4B-441D-A04A-C05AAD90E66F}
		{D19013E8-A278-4E33-A517-68545D82D5AC} = {1AE781DB-4F4B-441D-A04A-C05AAD90E66F}
		{F569E0A9-D0E8-4E23-8010-0DA1AA1C2E23} = {1AE781DB-4F4B-441D-A04A-C05AAD90E66F}
		{4427225E-BF8E-4266-B3BF-55620B356252} = {1AE781DB-4F4B-441D-A04A-C05AAD90E66F}
		{CADF31CE-10BD-49BD-AE54-2BFB6CD5C7F3} = {1002EB4C-3280-4F7D-AA1F-493B2E673073}
		{DBB6A798-C93C-4995-937B-B54E3C8A7848} = {7C526A25-B64F-4C8B-AA6E-9D63845A3285}
		{D6DC3DC6-1932-4B5A-8564-B81937FB0581} = {7C526A25-B64F-4C8B-AA6E-9D63845A3285}
		{A1438493-4FA1-4A79-A490-1FB1D851FEAA} = {7C526A25-B64F-4C8B-AA6E-9D63845A3285}
		{A46B23ED-326B-41CF-BBC7-5CBC5178EAE8} = {E33C2341-B5F4-4CFC-B056-D9C33E11A696}
	EndGlobalSection
	GlobalSection(ExtensibilityGlobals) = postSolution
		SolutionGuid = {D317D33F-A53C-4B11-80A5-D4EDDAC5EF06}
	EndGlobalSection
EndGlobal
